
Microsoft Visual Studio Solution File, Format Version 12.00
# Visual Studio Version 17
VisualStudioVersion = 17.6.33829.357
MinimumVisualStudioVersion = 10.0.40219.1
Project("{FAE04EC0-301F-11D3-BF4B-00C04F79EFBC}") = "Abstract Objects", "Abstract Objects\Abstract Objects.csproj", "{D00C0810-52FD-4600-8682-20AD7F82264F}"
EndProject
Global
	GlobalSection(SolutionConfigurationPlatforms) = preSolution
		Debug|Any CPU = Debug|Any CPU
		Release|Any CPU = Release|Any CPU
	EndGlobalSection
	GlobalSection(ProjectConfigurationPlatforms) = postSolution
		{D00C0810-52FD-4600-8682-20AD7F82264F}.Debug|Any CPU.ActiveCfg = Debug|Any CPU
		{D00C0810-52FD-4600-8682-20AD7F82264F}.Debug|Any CPU.Build.0 = Debug|Any CPU
		{D00C0810-52FD-4600-8682-20AD7F82264F}.Release|Any CPU.ActiveCfg = Release|Any CPU
		{D00C0810-52FD-4600-8682-20AD7F82264F}.Release|Any CPU.Build.0 = Release|Any CPU
	EndGlobalSection
	GlobalSection(SolutionProperties) = preSolution
		HideSolutionNode = FALSE
	EndGlobalSection
	GlobalSection(ExtensibilityGlobals) = postSolution
		SolutionGuid = {142A96CD-90B2-4174-86AC-D55FBE6CF2A7}
	EndGlobalSection
EndGlobal
