
Microsoft Visual Studio Solution File, Format Version 12.00
# Visual Studio Version 17
VisualStudioVersion = 17.7.34024.191
MinimumVisualStudioVersion = 10.0.40219.1
Project("{FAE04EC0-301F-11D3-BF4B-00C04F79EFBC}") = "Genişletme Metotları (Extension Methods)", "Genişletme Metotları (Extension Methods)\Genişletme Metotları (Extension Methods).csproj", "{01E2DF5F-0F05-4961-9844-65DB9F6EC6F0}"
EndProject
Global
	GlobalSection(SolutionConfigurationPlatforms) = preSolution
		Debug|Any CPU = Debug|Any CPU
		Release|Any CPU = Release|Any CPU
	EndGlobalSection
	GlobalSection(ProjectConfigurationPlatforms) = postSolution
		{01E2DF5F-0F05-4961-9844-65DB9F6EC6F0}.Debug|Any CPU.ActiveCfg = Debug|Any CPU
		{01E2DF5F-0F05-4961-9844-65DB9F6EC6F0}.Debug|Any CPU.Build.0 = Debug|Any CPU
		{01E2DF5F-0F05-4961-9844-65DB9F6EC6F0}.Release|Any CPU.ActiveCfg = Release|Any CPU
		{01E2DF5F-0F05-4961-9844-65DB9F6EC6F0}.Release|Any CPU.Build.0 = Release|Any CPU
	EndGlobalSection
	GlobalSection(SolutionProperties) = preSolution
		HideSolutionNode = FALSE
	EndGlobalSection
	GlobalSection(ExtensibilityGlobals) = postSolution
		SolutionGuid = {6D4E3394-8B37-4595-A8BD-B12DF88B6990}
	EndGlobalSection
EndGlobal
