
Microsoft Visual Studio Solution File, Format Version 12.00
# Visual Studio Version 17
VisualStudioVersion = 17.6.33829.357
MinimumVisualStudioVersion = 10.0.40219.1
Project("{FAE04EC0-301F-11D3-BF4B-00C04F79EFBC}") = "İleri Seviye Sınıf Kullanımı 1", "İleri Seviye Sınıf Kullanımı 1\İleri Seviye Sınıf Kullanımı 1.csproj", "{43FC5558-3BA8-4F62-805D-A926BEC6B645}"
EndProject
Global
	GlobalSection(SolutionConfigurationPlatforms) = preSolution
		Debug|Any CPU = Debug|Any CPU
		Release|Any CPU = Release|Any CPU
	EndGlobalSection
	GlobalSection(ProjectConfigurationPlatforms) = postSolution
		{43FC5558-3BA8-4F62-805D-A926BEC6B645}.Debug|Any CPU.ActiveCfg = Debug|Any CPU
		{43FC5558-3BA8-4F62-805D-A926BEC6B645}.Debug|Any CPU.Build.0 = Debug|Any CPU
		{43FC5558-3BA8-4F62-805D-A926BEC6B645}.Release|Any CPU.ActiveCfg = Release|Any CPU
		{43FC5558-3BA8-4F62-805D-A926BEC6B645}.Release|Any CPU.Build.0 = Release|Any CPU
	EndGlobalSection
	GlobalSection(SolutionProperties) = preSolution
		HideSolutionNode = FALSE
	EndGlobalSection
	GlobalSection(ExtensibilityGlobals) = postSolution
		SolutionGuid = {5D40F5B6-6764-4D49-B6FD-FEA012A79621}
	EndGlobalSection
EndGlobal
