
Microsoft Visual Studio Solution File, Format Version 12.00
# Visual Studio Version 17
VisualStudioVersion = 17.6.33829.357
MinimumVisualStudioVersion = 10.0.40219.1
Project("{FAE04EC0-301F-11D3-BF4B-00C04F79EFBC}") = "Polymorphism (Çok Biçimlilik)", "Polymorphism (Çok Biçimlilik)\Polymorphism (Çok Biçimlilik).csproj", "{2EEA739D-FAE9-4C53-BDFD-95E7987CF66B}"
EndProject
Global
	GlobalSection(SolutionConfigurationPlatforms) = preSolution
		Debug|Any CPU = Debug|Any CPU
		Release|Any CPU = Release|Any CPU
	EndGlobalSection
	GlobalSection(ProjectConfigurationPlatforms) = postSolution
		{2EEA739D-FAE9-4C53-BDFD-95E7987CF66B}.Debug|Any CPU.ActiveCfg = Debug|Any CPU
		{2EEA739D-FAE9-4C53-BDFD-95E7987CF66B}.Debug|Any CPU.Build.0 = Debug|Any CPU
		{2EEA739D-FAE9-4C53-BDFD-95E7987CF66B}.Release|Any CPU.ActiveCfg = Release|Any CPU
		{2EEA739D-FAE9-4C53-BDFD-95E7987CF66B}.Release|Any CPU.Build.0 = Release|Any CPU
	EndGlobalSection
	GlobalSection(SolutionProperties) = preSolution
		HideSolutionNode = FALSE
	EndGlobalSection
	GlobalSection(ExtensibilityGlobals) = postSolution
		SolutionGuid = {E8B42CD9-E567-471E-899B-79AD0FDA1490}
	EndGlobalSection
EndGlobal
