
Microsoft Visual Studio Solution File, Format Version 12.00
# Visual Studio Version 17
VisualStudioVersion = 17.6.33829.357
MinimumVisualStudioVersion = 10.0.40219.1
Project("{FAE04EC0-301F-11D3-BF4B-00C04F79EFBC}") = "Static Sınıflar", "Static Sınıflar\Static Sınıflar.csproj", "{7E28AAD1-C5E5-4F3E-A775-AF357EDE0048}"
EndProject
Global
	GlobalSection(SolutionConfigurationPlatforms) = preSolution
		Debug|Any CPU = Debug|Any CPU
		Release|Any CPU = Release|Any CPU
	EndGlobalSection
	GlobalSection(ProjectConfigurationPlatforms) = postSolution
		{7E28AAD1-C5E5-4F3E-A775-AF357EDE0048}.Debug|Any CPU.ActiveCfg = Debug|Any CPU
		{7E28AAD1-C5E5-4F3E-A775-AF357EDE0048}.Debug|Any CPU.Build.0 = Debug|Any CPU
		{7E28AAD1-C5E5-4F3E-A775-AF357EDE0048}.Release|Any CPU.ActiveCfg = Release|Any CPU
		{7E28AAD1-C5E5-4F3E-A775-AF357EDE0048}.Release|Any CPU.Build.0 = Release|Any CPU
	EndGlobalSection
	GlobalSection(SolutionProperties) = preSolution
		HideSolutionNode = FALSE
	EndGlobalSection
	GlobalSection(ExtensibilityGlobals) = postSolution
		SolutionGuid = {2DFEA229-424D-4E9C-8471-55F740DA79E1}
	EndGlobalSection
EndGlobal
