
Microsoft Visual Studio Solution File, Format Version 12.00
# Visual Studio Version 17
VisualStudioVersion = 17.7.34024.191
MinimumVisualStudioVersion = 10.0.40219.1
Project("{FAE04EC0-301F-11D3-BF4B-00C04F79EFBC}") = "Algoritma - Metni Tersine Çevirme", "Algoritma - Metni Tersine Çevirme\Algoritma - Metni Tersine Çevirme.csproj", "{A1C31C23-FA5D-41E7-AEA8-87EAC6FB4728}"
EndProject
Global
	GlobalSection(SolutionConfigurationPlatforms) = preSolution
		Debug|Any CPU = Debug|Any CPU
		Release|Any CPU = Release|Any CPU
	EndGlobalSection
	GlobalSection(ProjectConfigurationPlatforms) = postSolution
		{A1C31C23-FA5D-41E7-AEA8-87EAC6FB4728}.Debug|Any CPU.ActiveCfg = Debug|Any CPU
		{A1C31C23-FA5D-41E7-AEA8-87EAC6FB4728}.Debug|Any CPU.Build.0 = Debug|Any CPU
		{A1C31C23-FA5D-41E7-AEA8-87EAC6FB4728}.Release|Any CPU.ActiveCfg = Release|Any CPU
		{A1C31C23-FA5D-41E7-AEA8-87EAC6FB4728}.Release|Any CPU.Build.0 = Release|Any CPU
	EndGlobalSection
	GlobalSection(SolutionProperties) = preSolution
		HideSolutionNode = FALSE
	EndGlobalSection
	GlobalSection(ExtensibilityGlobals) = postSolution
		SolutionGuid = {AB5A3FEE-0871-4ED8-9AEF-216E134EA093}
	EndGlobalSection
EndGlobal
