
Microsoft Visual Studio Solution File, Format Version 12.00
# Visual Studio Version 17
VisualStudioVersion = 17.7.34024.191
MinimumVisualStudioVersion = 10.0.40219.1
Project("{FAE04EC0-301F-11D3-BF4B-00C04F79EFBC}") = "Reflection", "Reflection\Reflection.csproj", "{DFA29803-BD3A-4135-9F37-871F7CABAF54}"
EndProject
Global
	GlobalSection(SolutionConfigurationPlatforms) = preSolution
		Debug|Any CPU = Debug|Any CPU
		Release|Any CPU = Release|Any CPU
	EndGlobalSection
	GlobalSection(ProjectConfigurationPlatforms) = postSolution
		{DFA29803-BD3A-4135-9F37-871F7CABAF54}.Debug|Any CPU.ActiveCfg = Debug|Any CPU
		{DFA29803-BD3A-4135-9F37-871F7CABAF54}.Debug|Any CPU.Build.0 = Debug|Any CPU
		{DFA29803-BD3A-4135-9F37-871F7CABAF54}.Release|Any CPU.ActiveCfg = Release|Any CPU
		{DFA29803-BD3A-4135-9F37-871F7CABAF54}.Release|Any CPU.Build.0 = Release|Any CPU
	EndGlobalSection
	GlobalSection(SolutionProperties) = preSolution
		HideSolutionNode = FALSE
	EndGlobalSection
	GlobalSection(ExtensibilityGlobals) = postSolution
		SolutionGuid = {6A408DC9-A401-4DF6-9A42-414899ABFCC3}
	EndGlobalSection
EndGlobal
