
Microsoft Visual Studio Solution File, Format Version 12.00
# Visual Studio Version 17
VisualStudioVersion = 17.7.34024.191
MinimumVisualStudioVersion = 10.0.40219.1
Project("{FAE04EC0-301F-11D3-BF4B-00C04F79EFBC}") = "Dictionary", "Dictionary\Dictionary.csproj", "{441016C8-FC88-4A54-A95B-53D22D96948F}"
EndProject
Global
	GlobalSection(SolutionConfigurationPlatforms) = preSolution
		Debug|Any CPU = Debug|Any CPU
		Release|Any CPU = Release|Any CPU
	EndGlobalSection
	GlobalSection(ProjectConfigurationPlatforms) = postSolution
		{441016C8-FC88-4A54-A95B-53D22D96948F}.Debug|Any CPU.ActiveCfg = Debug|Any CPU
		{441016C8-FC88-4A54-A95B-53D22D96948F}.Debug|Any CPU.Build.0 = Debug|Any CPU
		{441016C8-FC88-4A54-A95B-53D22D96948F}.Release|Any CPU.ActiveCfg = Release|Any CPU
		{441016C8-FC88-4A54-A95B-53D22D96948F}.Release|Any CPU.Build.0 = Release|Any CPU
	EndGlobalSection
	GlobalSection(SolutionProperties) = preSolution
		HideSolutionNode = FALSE
	EndGlobalSection
	GlobalSection(ExtensibilityGlobals) = postSolution
		SolutionGuid = {96BC3A02-D58F-4A86-AFC7-24860C681205}
	EndGlobalSection
EndGlobal
