
Microsoft Visual Studio Solution File, Format Version 12.00
# Visual Studio Version 17
VisualStudioVersion = 17.7.34024.191
MinimumVisualStudioVersion = 10.0.40219.1
Project("{FAE04EC0-301F-11D3-BF4B-00C04F79EFBC}") = "Generic List", "Generic List\Generic List.csproj", "{39989915-5D0F-45EF-B8E4-0490BD7FF2D4}"
EndProject
Global
	GlobalSection(SolutionConfigurationPlatforms) = preSolution
		Debug|Any CPU = Debug|Any CPU
		Release|Any CPU = Release|Any CPU
	EndGlobalSection
	GlobalSection(ProjectConfigurationPlatforms) = postSolution
		{39989915-5D0F-45EF-B8E4-0490BD7FF2D4}.Debug|Any CPU.ActiveCfg = Debug|Any CPU
		{39989915-5D0F-45EF-B8E4-0490BD7FF2D4}.Debug|Any CPU.Build.0 = Debug|Any CPU
		{39989915-5D0F-45EF-B8E4-0490BD7FF2D4}.Release|Any CPU.ActiveCfg = Release|Any CPU
		{39989915-5D0F-45EF-B8E4-0490BD7FF2D4}.Release|Any CPU.Build.0 = Release|Any CPU
	EndGlobalSection
	GlobalSection(SolutionProperties) = preSolution
		HideSolutionNode = FALSE
	EndGlobalSection
	GlobalSection(ExtensibilityGlobals) = postSolution
		SolutionGuid = {C31D9A1D-AFDD-4534-B9AF-A3C46066DBDD}
	EndGlobalSection
EndGlobal
