
Microsoft Visual Studio Solution File, Format Version 12.00
# Visual Studio Version 17
VisualStudioVersion = 17.7.34024.191
MinimumVisualStudioVersion = 10.0.40219.1
Project("{FAE04EC0-301F-11D3-BF4B-00C04F79EFBC}") = "Jenerik Temsilci (Generic Delegate)", "Jenerik Temsilci (Generic Delegate)\Jenerik Temsilci (Generic Delegate).csproj", "{669462D3-261B-446E-8E11-E533DC1FA350}"
EndProject
Global
	GlobalSection(SolutionConfigurationPlatforms) = preSolution
		Debug|Any CPU = Debug|Any CPU
		Release|Any CPU = Release|Any CPU
	EndGlobalSection
	GlobalSection(ProjectConfigurationPlatforms) = postSolution
		{669462D3-261B-446E-8E11-E533DC1FA350}.Debug|Any CPU.ActiveCfg = Debug|Any CPU
		{669462D3-261B-446E-8E11-E533DC1FA350}.Debug|Any CPU.Build.0 = Debug|Any CPU
		{669462D3-261B-446E-8E11-E533DC1FA350}.Release|Any CPU.ActiveCfg = Release|Any CPU
		{669462D3-261B-446E-8E11-E533DC1FA350}.Release|Any CPU.Build.0 = Release|Any CPU
	EndGlobalSection
	GlobalSection(SolutionProperties) = preSolution
		HideSolutionNode = FALSE
	EndGlobalSection
	GlobalSection(ExtensibilityGlobals) = postSolution
		SolutionGuid = {630952E6-D925-4C8B-82E6-ECF309E948A5}
	EndGlobalSection
EndGlobal
